<?xml version="1.0" encoding="utf-8"?>
<Project ToolsVersion="4.0" xmlns="http://schemas.microsoft.com/developer/msbuild/2003">
  <ItemGroup>
    <None Include="..\shader.frag">
      <Filter>Shaders</Filter>
    </None>
    <None Include="..\shader.vert">
      <Filter>Shaders</Filter>
    </None>
    <None Include="..\shadow.frag">
      <Filter>Shaders</Filter>
    </None>
    <None Include="..\shadow.vert">
      <Filter>Shaders</Filter>
    </None>
  </ItemGroup>
  <ItemGroup>
    <Filter Include="Source">
      <UniqueIdentifier>{3d842efb-5dc9-4f65-83e4-05602831b85b}</UniqueIdentifier>
    </Filter>
    <Filter Include="Headers">
      <UniqueIdentifier>{26a6a49f-9d16-4ba5-b16b-bda18ff90a76}</UniqueIdentifier>
    </Filter>
    <Filter Include="Shaders">
      <UniqueIdentifier>{ddc6d107-2b05-44ef-9060-39d3f60068d0}</UniqueIdentifier>
    </Filter>
  </ItemGroup>
  <ItemGroup>
    <ClInclude Include="..\camera.h">
      <Filter>Headers</Filter>
    </ClInclude>
    <ClInclude Include="..\loadppm.h">
      <Filter>Headers</Filter>
    </ClInclude>
    <ClInclude Include="..\Vec3D.h">
      <Filter>Headers</Filter>
    </ClInclude>
    <ClInclude Include="..\grid.h">
      <Filter>Headers</Filter>
    </ClInclude>
    <ClInclude Include="..\mesh.h">
      <Filter>Headers</Filter>
    </ClInclude>
    <ClInclude Include="..\Vertex.h">
      <Filter>Headers</Filter>
    </ClInclude>
  </ItemGroup>
  <ItemGroup>
    <ClCompile Include="..\main.cpp">
      <Filter>Source</Filter>
    </ClCompile>
    <ClCompile Include="..\loadppm.cpp">
      <Filter>Source</Filter>
    </ClCompile>
    <ClCompile Include="..\grid.cpp">
      <Filter>Source</Filter>
    </ClCompile>
    <ClCompile Include="..\mesh.cpp">
      <Filter>Source</Filter>
    </ClCompile>
  </ItemGroup>
</Project>